PODS:
  - Masonry (1.1.0)
  - SDAutoLayout (2.2.1)
  - YCAlert (1.1.0)

DEPENDENCIES:
  - Masonry
  - SDAutoLayout
  - YCAlert (from `../`)

SPEC REPOS:
  trunk:
    - Masonry
    - SDAutoLayout

EXTERNAL SOURCES:
  YCAlert:
    :path: "../"

SPEC CHECKSUMS:
  Masonry: 678fab65091a9290e40e2832a55e7ab731aad201
  SDAutoLayout: 8bf6b3bbc8b01f775d4defbb4fda2ace805461be
  YCAlert: 1c731bf1aef69dd96d674f6c7ee5939cbd3a915e

PODFILE CHECKSUM: f0980413aa0bba9425aa1a81359f85567478e6ac

COCOAPODS: 1.8.0
